{
    "_readme": [
        "This file locks the dependencies of your project to a known state",
        "Read more about it at https://getcomposer.org/doc/01-basic-usage.md#installing-dependencies",
        "This file is @generated automatically"
    ],
    "content-hash": "4c157512afd1add46a31a68e7f41f617",
    "packages": [
        {
            "name": "noahbuscher/macaw",
            "version": "dev-master",
            "source": {
                "type": "git",
                "url": "https://github.com/noahbuscher/macaw.git",
                "reference": "ade32370a3d09f1fa498de254411d1b6b7be1877"
            },
            "dist": {
                "type": "zip",
                "url": "https://api.github.com/repos/noahbuscher/macaw/zipball/ade32370a3d09f1fa498de254411d1b6b7be1877",
                "reference": "ade32370a3d09f1fa498de254411d1b6b7be1877",
                "shasum": ""
            },
            "require": {
                "php": ">=5.3.3"
            },
            "require-dev": {
                "guzzle/guzzle": "~3.9",
                "phpunit/phpunit": "^4.8-stable"
            },
            "type": "library",
            "autoload": {
                "psr-4": {
                    "NoahBuscher\\Macaw\\": "./"
                }
            },
            "notification-url": "https://packagist.org/downloads/",
            "license": [
                "MIT"
            ],
            "authors": [
                {
                    "name": "Noah Buscher",
                    "email": "me@noahbuscher.com",
                    "homepage": "http://noahbuscher.com/"
                }
            ],
            "description": "Simple PHP router class.",
            "homepage": "https://github.com/noahbuscher/Macaw",
            "keywords": [
                "php",
                "php-router",
                "router"
            ],
            "time": "2019-01-14T14:49:59+00:00"
        }
    ],
    "packages-dev": [],
    "aliases": [],
    "minimum-stability": "stable",
    "stability-flags": {
        "noahbuscher/macaw": 20
    },
    "prefer-stable": false,
    "prefer-lowest": false,
    "platform": [],
    "platform-dev": []
}
